github.com/rabbitmq/amqp091-go v1.3.4 h1:tXuIslN1nhDqs2t6Jrz3BAoqvt4qIZzxvdbdcxWtHYU=
github.com/rabbitmq/amqp091-go v1.3.4/go.mod h1:ogQDLSOACsLPsIq0NpbtiifNZi2YOz0VTJ0kHRghqbM=
github.com/wagslane/go-rabbitmq v0.11.0 h1:s+dDir/2ndBxpznlvSZ706ituaSDh7N3WWePtLdlSJ0=
github.com/wagslane/go-rabbitmq v0.11.0/go.mod h1:u6xM1V7OO4D0szUy/F6Bya/9r0lLae/2FXBijkAQmn0=
